// !$*UTF8*$!
{
	archiveVersion = 1;
	classes = {
	};
	objectVersion = 50;
	objects = {

/* Begin PBXBuildFile section */
		88DD895C23EC6B5F00F493DB /* AppDelegate.swift in Sources */ = {isa = PBXBuildFile; fileRef = 88DD895B23EC6B5F00F493DB /* AppDelegate.swift */; };
		88DD895E23EC6B5F00F493DB /* SceneDelegate.swift in Sources */ = {isa = PBXBuildFile; fileRef = 88DD895D23EC6B5F00F493DB /* SceneDelegate.swift */; };
		88DD896523EC6B6400F493DB /* Assets.xcassets in Resources */ = {isa = PBXBuildFile; fileRef = 88DD896423EC6B6400F493DB /* Assets.xcassets */; };
		88DD896823EC6B6400F493DB /* LaunchScreen.storyboard in Resources */ = {isa = PBXBuildFile; fileRef = 88DD896623EC6B6400F493DB /* LaunchScreen.storyboard */; };
		88DD897023EC6C2C00F493DB /* NYTTopStoriesTabController.swift in Sources */ = {isa = PBXBuildFile; fileRef = 88DD896F23EC6C2C00F493DB /* NYTTopStoriesTabController.swift */; };
		88DD897223EC6CAC00F493DB /* TopStoriesViewController.swift in Sources */ = {isa = PBXBuildFile; fileRef = 88DD897123EC6CAC00F493DB /* TopStoriesViewController.swift */; };
		88DD897423EC6DAC00F493DB /* SavedStoriesViewController.swift in Sources */ = {isa = PBXBuildFile; fileRef = 88DD897323EC6DAC00F493DB /* SavedStoriesViewController.swift */; };
		88DD897623EC6E0100F493DB /* SettingsViewController.swift in Sources */ = {isa = PBXBuildFile; fileRef = 88DD897523EC6E0100F493DB /* SettingsViewController.swift */; };
		88DD897A23EC715700F493DB /* TopStoriesView.swift in Sources */ = {isa = PBXBuildFile; fileRef = 88DD897923EC715700F493DB /* TopStoriesView.swift */; };
		88DD897C23EC716D00F493DB /* SavedStoriesView.swift in Sources */ = {isa = PBXBuildFile; fileRef = 88DD897B23EC716D00F493DB /* SavedStoriesView.swift */; };
		88DD897E23EC71CC00F493DB /* SettingsView.swift in Sources */ = {isa = PBXBuildFile; fileRef = 88DD897D23EC71CC00F493DB /* SettingsView.swift */; };
		88DD898023EC77E600F493DB /* StoriesCollectionViewCell.swift in Sources */ = {isa = PBXBuildFile; fileRef = 88DD897F23EC77E600F493DB /* StoriesCollectionViewCell.swift */; };
/* End PBXBuildFile section */

/* Begin PBXFileReference section */
		88DD895823EC6B5F00F493DB /* nyTimesTopStories.app */ = {isa = PBXFileReference; explicitFileType = wrapper.application; includeInIndex = 0; path = nyTimesTopStories.app; sourceTree = BUILT_PRODUCTS_DIR; };
		88DD895B23EC6B5F00F493DB /* AppDelegate.swift */ = {isa = PBXFileReference; lastKnownFileType = sourcecode.swift; path = AppDelegate.swift; sourceTree = "<group>"; };
		88DD895D23EC6B5F00F493DB /* SceneDelegate.swift */ = {isa = PBXFileReference; lastKnownFileType = sourcecode.swift; path = SceneDelegate.swift; sourceTree = "<group>"; };
		88DD896423EC6B6400F493DB /* Assets.xcassets */ = {isa = PBXFileReference; lastKnownFileType = folder.assetcatalog; path = Assets.xcassets; sourceTree = "<group>"; };
		88DD896723EC6B6400F493DB /* Base */ = {isa = PBXFileReference; lastKnownFileType = file.storyboard; name = Base; path = Base.lproj/LaunchScreen.storyboard; sourceTree = "<group>"; };
		88DD896923EC6B6400F493DB /* Info.plist */ = {isa = PBXFileReference; lastKnownFileType = text.plist.xml; path = Info.plist; sourceTree = "<group>"; };
		88DD896F23EC6C2C00F493DB /* NYTTopStoriesTabController.swift */ = {isa = PBXFileReference; lastKnownFileType = sourcecode.swift; path = NYTTopStoriesTabController.swift; sourceTree = "<group>"; };
		88DD897123EC6CAC00F493DB /* TopStoriesViewController.swift */ = {isa = PBXFileReference; lastKnownFileType = sourcecode.swift; path = TopStoriesViewController.swift; sourceTree = "<group>"; };
		88DD897323EC6DAC00F493DB /* SavedStoriesViewController.swift */ = {isa = PBXFileReference; lastKnownFileType = sourcecode.swift; path = SavedStoriesViewController.swift; sourceTree = "<group>"; };
		88DD897523EC6E0100F493DB /* SettingsViewController.swift */ = {isa = PBXFileReference; lastKnownFileType = sourcecode.swift; path = SettingsViewController.swift; sourceTree = "<group>"; };
		88DD897923EC715700F493DB /* TopStoriesView.swift */ = {isa = PBXFileReference; lastKnownFileType = sourcecode.swift; path = TopStoriesView.swift; sourceTree = "<group>"; };
		88DD897B23EC716D00F493DB /* SavedStoriesView.swift */ = {isa = PBXFileReference; lastKnownFileType = sourcecode.swift; path = SavedStoriesView.swift; sourceTree = "<group>"; };
		88DD897D23EC71CC00F493DB /* SettingsView.swift */ = {isa = PBXFileReference; lastKnownFileType = sourcecode.swift; path = SettingsView.swift; sourceTree = "<group>"; };
		88DD897F23EC77E600F493DB /* StoriesCollectionViewCell.swift */ = {isa = PBXFileReference; lastKnownFileType = sourcecode.swift; path = StoriesCollectionViewCell.swift; sourceTree = "<group>"; };
/* End PBXFileReference section */

/* Begin PBXFrameworksBuildPhase section */
		88DD895523EC6B5F00F493DB /* Frameworks */ = {
			isa = PBXFrameworksBuildPhase;
			buildActionMask = 2147483647;
			files = (
			);
			runOnlyForDeploymentPostprocessing = 0;
		};
/* End PBXFrameworksBuildPhase section */

/* Begin PBXGroup section */
		88DD894F23EC6B5F00F493DB = {
			isa = PBXGroup;
			children = (
				88DD895A23EC6B5F00F493DB /* nyTimesTopStories */,
				88DD895923EC6B5F00F493DB /* Products */,
			);
			sourceTree = "<group>";
		};
		88DD895923EC6B5F00F493DB /* Products */ = {
			isa = PBXGroup;
			children = (
				88DD895823EC6B5F00F493DB /* nyTimesTopStories.app */,
			);
			name = Products;
			sourceTree = "<group>";
		};
		88DD895A23EC6B5F00F493DB /* nyTimesTopStories */ = {
			isa = PBXGroup;
			children = (
				88DD895B23EC6B5F00F493DB /* AppDelegate.swift */,
				88DD895D23EC6B5F00F493DB /* SceneDelegate.swift */,
				88DD897823EC713A00F493DB /* Views */,
				88DD897723EC6F5600F493DB /* ViewControllers */,
				88DD896423EC6B6400F493DB /* Assets.xcassets */,
				88DD896623EC6B6400F493DB /* LaunchScreen.storyboard */,
				88DD896923EC6B6400F493DB /* Info.plist */,
			);
			path = nyTimesTopStories;
			sourceTree = "<group>";
		};
		88DD897723EC6F5600F493DB /* ViewControllers */ = {
			isa = PBXGroup;
			children = (
				88DD896F23EC6C2C00F493DB /* NYTTopStoriesTabController.swift */,
				88DD897123EC6CAC00F493DB /* TopStoriesViewController.swift */,
				88DD897323EC6DAC00F493DB /* SavedStoriesViewController.swift */,
				88DD897523EC6E0100F493DB /* SettingsViewController.swift */,
			);
			path = ViewControllers;
			sourceTree = "<group>";
		};
		88DD897823EC713A00F493DB /* Views */ = {
			isa = PBXGroup;
			children = (
				88DD897923EC715700F493DB /* TopStoriesView.swift */,
				88DD897B23EC716D00F493DB /* SavedStoriesView.swift */,
				88DD897D23EC71CC00F493DB /* SettingsView.swift */,
				88DD897F23EC77E600F493DB /* StoriesCollectionViewCell.swift */,
			);
			path = Views;
			sourceTree = "<group>";
		};
/* End PBXGroup section */

/* Begin PBXNativeTarget section */
		88DD895723EC6B5F00F493DB /* nyTimesTopStories */ = {
			isa = PBXNativeTarget;
			buildConfigurationList = 88DD896C23EC6B6400F493DB /* Build configuration list for PBXNativeTarget "nyTimesTopStories" */;
			buildPhases = (
				88DD895423EC6B5F00F493DB /* Sources */,
				88DD895523EC6B5F00F493DB /* Frameworks */,
				88DD895623EC6B5F00F493DB /* Resources */,
			);
			buildRules = (
			);
			dependencies = (
			);
			name = nyTimesTopStories;
			productName = nyTimesTopStories;
			productReference = 88DD895823EC6B5F00F493DB /* nyTimesTopStories.app */;
			productType = "com.apple.product-type.application";
		};
/* End PBXNativeTarget section */

/* Begin PBXProject section */
		88DD895023EC6B5F00F493DB /* Project object */ = {
			isa = PBXProject;
			attributes = {
				LastSwiftUpdateCheck = 1130;
				LastUpgradeCheck = 1130;
				ORGANIZATIONNAME = "Howard Chang";
				TargetAttributes = {
					88DD895723EC6B5F00F493DB = {
						CreatedOnToolsVersion = 11.3.1;
					};
				};
			};
			buildConfigurationList = 88DD895323EC6B5F00F493DB /* Build configuration list for PBXProject "nyTimesTopStories" */;
			compatibilityVersion = "Xcode 9.3";
			developmentRegion = en;
			hasScannedForEncodings = 0;
			knownRegions = (
				en,
				Base,
			);
			mainGroup = 88DD894F23EC6B5F00F493DB;
			productRefGroup = 88DD895923EC6B5F00F493DB /* Products */;
			projectDirPath = "";
			projectRoot = "";
			targets = (
				88DD895723EC6B5F00F493DB /* nyTimesTopStories */,
			);
		};
/* End PBXProject section */

/* Begin PBXResourcesBuildPhase section */
		88DD895623EC6B5F00F493DB /* Resources */ = {
			isa = PBXResourcesBuildPhase;
			buildActionMask = 2147483647;
			files = (
				88DD896823EC6B6400F493DB /* LaunchScreen.storyboard in Resources */,
				88DD896523EC6B6400F493DB /* Assets.xcassets in Resources */,
			);
			runOnlyForDeploymentPostprocessing = 0;
		};
/* End PBXResourcesBuildPhase section */

/* Begin PBXSourcesBuildPhase section */
		88DD895423EC6B5F00F493DB /* Sources */ = {
			isa = PBXSourcesBuildPhase;
			buildActionMask = 2147483647;
			files = (
				88DD897C23EC716D00F493DB /* SavedStoriesView.swift in Sources */,
				88DD897223EC6CAC00F493DB /* TopStoriesViewController.swift in Sources */,
				88DD895C23EC6B5F00F493DB /* AppDelegate.swift in Sources */,
				88DD897E23EC71CC00F493DB /* SettingsView.swift in Sources */,
				88DD895E23EC6B5F00F493DB /* SceneDelegate.swift in Sources */,
				88DD897A23EC715700F493DB /* TopStoriesView.swift in Sources */,
				88DD897023EC6C2C00F493DB /* NYTTopStoriesTabController.swift in Sources */,
				88DD897423EC6DAC00F493DB /* SavedStoriesViewController.swift in Sources */,
				88DD898023EC77E600F493DB /* StoriesCollectionViewCell.swift in Sources */,
				88DD897623EC6E0100F493DB /* SettingsViewController.swift in Sources */,
			);
			runOnlyForDeploymentPostprocessing = 0;
		};
/* End PBXSourcesBuildPhase section */

/* Begin PBXVariantGroup section */
		88DD896623EC6B6400F493DB /* LaunchScreen.storyboard */ = {
			isa = PBXVariantGroup;
			children = (
				88DD896723EC6B6400F493DB /* Base */,
			);
			name = LaunchScreen.storyboard;
			sourceTree = "<group>";
		};
/* End PBXVariantGroup section */

/* Begin XCBuildConfiguration section */
		88DD896A23EC6B6400F493DB /* Debug */ = {
			isa = XCBuildConfiguration;
			buildSettings = {
				ALWAYS_SEARCH_USER_PATHS = NO;
				CLANG_ANALYZER_NONNULL = YES;
				CLANG_ANALYZER_NUMBER_OBJECT_CONVERSION = YES_AGGRESSIVE;
				CLANG_CXX_LANGUAGE_STANDARD = "gnu++14";
				CLANG_CXX_LIBRARY = "libc++";
				CLANG_ENABLE_MODULES = YES;
				CLANG_ENABLE_OBJC_ARC = YES;
				CLANG_ENABLE_OBJC_WEAK = YES;
				CLANG_WARN_BLOCK_CAPTURE_AUTORELEASING = YES;
				CLANG_WARN_BOOL_CONVERSION = YES;
				CLANG_WARN_COMMA = YES;
				CLANG_WARN_CONSTANT_CONVERSION = YES;
				CLANG_WARN_DEPRECATED_OBJC_IMPLEMENTATIONS = YES;
				CLANG_WARN_DIRECT_OBJC_ISA_USAGE = YES_ERROR;
				CLANG_WARN_DOCUMENTATION_COMMENTS = YES;
				CLANG_WARN_EMPTY_BODY = YES;
				CLANG_WARN_ENUM_CONVERSION = YES;
				CLANG_WARN_INFINITE_RECURSION = YES;
				CLANG_WARN_INT_CONVERSION = YES;
				CLANG_WARN_NON_LITERAL_NULL_CONVERSION = YES;
				CLANG_WARN_OBJC_IMPLICIT_RETAIN_SELF = YES;
				CLANG_WARN_OBJC_LITERAL_CONVERSION = YES;
				CLANG_WARN_OBJC_ROOT_CLASS = YES_ERROR;
				CLANG_WARN_RANGE_LOOP_ANALYSIS = YES;
				CLANG_WARN_STRICT_PROTOTYPES = YES;
				CLANG_WARN_SUSPICIOUS_MOVE = YES;
				CLANG_WARN_UNGUARDED_AVAILABILITY = YES_AGGRESSIVE;
				CLANG_WARN_UNREACHABLE_CODE = YES;
				CLANG_WARN__DUPLICATE_METHOD_MATCH = YES;
				COPY_PHASE_STRIP = NO;
				DEBUG_INFORMATION_FORMAT = dwarf;
				ENABLE_STRICT_OBJC_MSGSEND = YES;
				ENABLE_TESTABILITY = YES;
				GCC_C_LANGUAGE_STANDARD = gnu11;
				GCC_DYNAMIC_NO_PIC = NO;
				GCC_NO_COMMON_BLOCKS = YES;
				GCC_OPTIMIZATION_LEVEL = 0;
				GCC_PREPROCESSOR_DEFINITIONS = (
					"DEBUG=1",
					"$(inherited)",
				);
				GCC_WARN_64_TO_32_BIT_CONVERSION = YES;
				GCC_WARN_ABOUT_RETURN_TYPE = YES_ERROR;
				GCC_WARN_UNDECLARED_SELECTOR = YES;
				GCC_WARN_UNINITIALIZED_AUTOS = YES_AGGRESSIVE;
				GCC_WARN_UNUSED_FUNCTION = YES;
				GCC_WARN_UNUSED_VARIABLE = YES;
				IPHONEOS_DEPLOYMENT_TARGET = 13.2;
				MTL_ENABLE_DEBUG_INFO = INCLUDE_SOURCE;
				MTL_FAST_MATH = YES;
				ONLY_ACTIVE_ARCH = YES;
				SDKROOT = iphoneos;
				SWIFT_ACTIVE_COMPILATION_CONDITIONS = DEBUG;
				SWIFT_OPTIMIZATION_LEVEL = "-Onone";
			};
			name = Debug;
		};
		88DD896B23EC6B6400F493DB /* Release */ = {
			isa = XCBuildConfiguration;
			buildSettings = {
				ALWAYS_SEARCH_USER_PATHS = NO;
				CLANG_ANALYZER_NONNULL = YES;
				CLANG_ANALYZER_NUMBER_OBJECT_CONVERSION = YES_AGGRESSIVE;
				CLANG_CXX_LANGUAGE_STANDARD = "gnu++14";
				CLANG_CXX_LIBRARY = "libc++";
				CLANG_ENABLE_MODULES = YES;
				CLANG_ENABLE_OBJC_ARC = YES;
				CLANG_ENABLE_OBJC_WEAK = YES;
				CLANG_WARN_BLOCK_CAPTURE_AUTORELEASING = YES;
				CLANG_WARN_BOOL_CONVERSION = YES;
				CLANG_WARN_COMMA = YES;
				CLANG_WARN_CONSTANT_CONVERSION = YES;
				CLANG_WARN_DEPRECATED_OBJC_IMPLEMENTATIONS = YES;
				CLANG_WARN_DIRECT_OBJC_ISA_USAGE = YES_ERROR;
				CLANG_WARN_DOCUMENTATION_COMMENTS = YES;
				CLANG_WARN_EMPTY_BODY = YES;
				CLANG_WARN_ENUM_CONVERSION = YES;
				CLANG_WARN_INFINITE_RECURSION = YES;
				CLANG_WARN_INT_CONVERSION = YES;
				CLANG_WARN_NON_LITERAL_NULL_CONVERSION = YES;
				CLANG_WARN_OBJC_IMPLICIT_RETAIN_SELF = YES;
				CLANG_WARN_OBJC_LITERAL_CONVERSION = YES;
				CLANG_WARN_OBJC_ROOT_CLASS = YES_ERROR;
				CLANG_WARN_RANGE_LOOP_ANALYSIS = YES;
				CLANG_WARN_STRICT_PROTOTYPES = YES;
				CLANG_WARN_SUSPICIOUS_MOVE = YES;
				CLANG_WARN_UNGUARDED_AVAILABILITY = YES_AGGRESSIVE;
				CLANG_WARN_UNREACHABLE_CODE = YES;
				CLANG_WARN__DUPLICATE_METHOD_MATCH = YES;
				COPY_PHASE_STRIP = NO;
				DEBUG_INFORMATION_FORMAT = "dwarf-with-dsym";
				ENABLE_NS_ASSERTIONS = NO;
				ENABLE_STRICT_OBJC_MSGSEND = YES;
				GCC_C_LANGUAGE_STANDARD = gnu11;
				GCC_NO_COMMON_BLOCKS = YES;
				GCC_WARN_64_TO_32_BIT_CONVERSION = YES;
				GCC_WARN_ABOUT_RETURN_TYPE = YES_ERROR;
				GCC_WARN_UNDECLARED_SELECTOR = YES;
				GCC_WARN_UNINITIALIZED_AUTOS = YES_AGGRESSIVE;
				GCC_WARN_UNUSED_FUNCTION = YES;
				GCC_WARN_UNUSED_VARIABLE = YES;
				IPHONEOS_DEPLOYMENT_TARGET = 13.2;
				MTL_ENABLE_DEBUG_INFO = NO;
				MTL_FAST_MATH = YES;
				SDKROOT = iphoneos;
				SWIFT_COMPILATION_MODE = wholemodule;
				SWIFT_OPTIMIZATION_LEVEL = "-O";
				VALIDATE_PRODUCT = YES;
			};
			name = Release;
		};
		88DD896D23EC6B6400F493DB /* Debug */ = {
			isa = XCBuildConfiguration;
			buildSettings = {
				ASSETCATALOG_COMPILER_APPICON_NAME = AppIcon;
				CODE_SIGN_STYLE = Automatic;
				DEVELOPMENT_TEAM = H39KTTHR8M;
				INFOPLIST_FILE = nyTimesTopStories/Info.plist;
				LD_RUNPATH_SEARCH_PATHS = (
					"$(inherited)",
					"@executable_path/Frameworks",
				);
				PRODUCT_BUNDLE_IDENTIFIER = com.howardchang.login.nyTimesTopStories;
				PRODUCT_NAME = "$(TARGET_NAME)";
				SWIFT_VERSION = 5.0;
				TARGETED_DEVICE_FAMILY = "1,2";
			};
			name = Debug;
		};
		88DD896E23EC6B6400F493DB /* Release */ = {
			isa = XCBuildConfiguration;
			buildSettings = {
				ASSETCATALOG_COMPILER_APPICON_NAME = AppIcon;
				CODE_SIGN_STYLE = Automatic;
				DEVELOPMENT_TEAM = H39KTTHR8M;
				INFOPLIST_FILE = nyTimesTopStories/Info.plist;
				LD_RUNPATH_SEARCH_PATHS = (
					"$(inherited)",
					"@executable_path/Frameworks",
				);
				PRODUCT_BUNDLE_IDENTIFIER = com.howardchang.login.nyTimesTopStories;
				PRODUCT_NAME = "$(TARGET_NAME)";
				SWIFT_VERSION = 5.0;
				TARGETED_DEVICE_FAMILY = "1,2";
			};
			name = Release;
		};
/* End XCBuildConfiguration section */

/* Begin XCConfigurationList section */
		88DD895323EC6B5F00F493DB /* Build configuration list for PBXProject "nyTimesTopStories" */ = {
			isa = XCConfigurationList;
			buildConfigurations = (
				88DD896A23EC6B6400F493DB /* Debug */,
				88DD896B23EC6B6400F493DB /* Release */,
			);
			defaultConfigurationIsVisible = 0;
			defaultConfigurationName = Release;
		};
		88DD896C23EC6B6400F493DB /* Build configuration list for PBXNativeTarget "nyTimesTopStories" */ = {
			isa = XCConfigurationList;
			buildConfigurations = (
				88DD896D23EC6B6400F493DB /* Debug */,
				88DD896E23EC6B6400F493DB /* Release */,
			);
			defaultConfigurationIsVisible = 0;
			defaultConfigurationName = Release;
		};
/* End XCConfigurationList section */
	};
	rootObject = 88DD895023EC6B5F00F493DB /* Project object */;
}
